{
  "name": "a1-beep",
  "version": "1.3.0",
  "lockfileVersion": 2,
  "requires": true,
  "packages": {
    "": {
      "name": "a1-beep",
      "version": "1.3.0",
      "license": "MIT",
      "dependencies": {
        "a1-util": "^2.0.0"
      }
    },
    "node_modules/a1-util": {
      "version": "2.0.0",
      "resolved": "https://registry.npmjs.org/a1-util/-/a1-util-2.0.0.tgz",
      "integrity": "sha512-zb92qnmRDpgw1GExkNcqeRjGzL1hJHosoYzfNARyndxqMUxvcVM6qD52x9NvIXk8uUEkJbAcUvvyudXg93gczA=="
    }
  },
  "dependencies": {
    "a1-util": {
      "version": "2.0.0",
      "resolved": "https://registry.npmjs.org/a1-util/-/a1-util-2.0.0.tgz",
      "integrity": "sha512-zb92qnmRDpgw1GExkNcqeRjGzL1hJHosoYzfNARyndxqMUxvcVM6qD52x9NvIXk8uUEkJbAcUvvyudXg93gczA=="
    }
  }
}
