{
  "name": "a1-beep",
  "version": "1.0.0",
  "lockfileVersion": 1,
  "requires": true,
  "dependencies": {
    "a1-util": {
      "version": "1.0.3",
      "resolved": "https://registry.npmjs.org/a1-util/-/a1-util-1.0.3.tgz",
      "integrity": "sha512-Wat96umf8mwp0gVZRsQh/igUMsqn0ds2e9QJpGhSY7jB29MFzwLiv53cXyJvZHlAT72wktjUmoKrKmqzqikazQ=="
    }
  }
}
